{
    "name": "github-gist",
    "version": "1.0.0",
    "lockfileVersion": 1,
    "requires": true,
    "dependencies": {
        "@babel/runtime-corejs3": {
            "version": "7.12.1",
            "resolved": "https://registry.npmjs.org/@babel/runtime-corejs3/-/runtime-corejs3-7.12.1.tgz",
            "integrity": "sha512-umhPIcMrlBZ2aTWlWjUseW9LjQKxi1dpFlQS8DzsxB//5K+u6GLTC/JliPKHsd5kJVPIU6X/Hy0YvWOYPcMxBw==",
            "dev": true,
            "requires": {
                "core-js-pure": "^3.0.0",
                "regenerator-runtime": "^0.13.4"
            }
        }
    }
}